// !$*UTF8*$!
{
	archiveVersion = 1;
	classes = {
	};
	objectVersion = 46;
	objects = {

/* Begin PBXBuildFile section */
		CF0BC1F81780E6EE00203FFE /* Credits.rtf in Resources */ = {isa = PBXBuildFile; fileRef = CF0BC1EC1780E6EE00203FFE /* Credits.rtf */; };
		CF0BC1FA1780E6EE00203FFE /* MainMenu.xib in Resources */ = {isa = PBXBuildFile; fileRef = CF0BC1F01780E6EE00203FFE /* MainMenu.xib */; };
		CF0BC1FC1780E6EE00203FFE /* main.m in Sources */ = {isa = PBXBuildFile; fileRef = CF0BC1F41780E6EE00203FFE /* main.m */; };
		CF0BC2DE1780F97300203FFE /* DropboxOSX.framework in Frameworks */ = {isa = PBXBuildFile; fileRef = CF0BC2671780EDFE00203FFE /* DropboxOSX.framework */; };
		CF0BC8FE19738F6700340B0A /* ParseOSX.framework in Frameworks */ = {isa = PBXBuildFile; fileRef = CF0BC8FD19738F6700340B0A /* ParseOSX.framework */; };
		CF0BC90019738FBB00340B0A /* ApplicationServices.framework in Frameworks */ = {isa = PBXBuildFile; fileRef = CF0BC8FF19738FBB00340B0A /* ApplicationServices.framework */; };
		CF0BC90219738FDA00340B0A /* CFNetwork.framework in Frameworks */ = {isa = PBXBuildFile; fileRef = CF0BC90119738FDA00340B0A /* CFNetwork.framework */; };
		CF0BC9041973900E00340B0A /* CoreGraphics.framework in Frameworks */ = {isa = PBXBuildFile; fileRef = CF0BC9031973900E00340B0A /* CoreGraphics.framework */; };
		CF0BC9061973903000340B0A /* CoreLocation.framework in Frameworks */ = {isa = PBXBuildFile; fileRef = CF0BC9051973902F00340B0A /* CoreLocation.framework */; };
		CF0BC9081973904D00340B0A /* SystemConfiguration.framework in Frameworks */ = {isa = PBXBuildFile; fileRef = CF0BC9071973904D00340B0A /* SystemConfiguration.framework */; };
		CF0BC90A1973906800340B0A /* libsqlite3.dylib in Frameworks */ = {isa = PBXBuildFile; fileRef = CF0BC9091973906800340B0A /* libsqlite3.dylib */; };
		CF0BC90C1973909A00340B0A /* libz.dylib in Frameworks */ = {isa = PBXBuildFile; fileRef = CF0BC90B1973909A00340B0A /* libz.dylib */; };
		CF0BC90E1973942400340B0A /* ParseOSX.framework in CopyFiles */ = {isa = PBXBuildFile; fileRef = CF0BC8FD19738F6700340B0A /* ParseOSX.framework */; settings = {ATTRIBUTES = (CodeSignOnCopy, ); }; };
		CF3FC0BC19675C8F00336536 /* V2BSBookViewManager.m in Sources */ = {isa = PBXBuildFile; fileRef = CF3FC0BA19675C8F00336536 /* V2BSBookViewManager.m */; };
		CF3FC0C119675CBE00336536 /* V2BSComicViewManager.m in Sources */ = {isa = PBXBuildFile; fileRef = CF3FC0BF19675CBE00336536 /* V2BSComicViewManager.m */; };
		CF3FC0C5196776F400336536 /* V2BSDataPDFDecode.m in Sources */ = {isa = PBXBuildFile; fileRef = CF3FC0C4196776F400336536 /* V2BSDataPDFDecode.m */; };
		CF3FC0C91967779C00336536 /* V2BSDataDjvueDecode.m in Sources */ = {isa = PBXBuildFile; fileRef = CF3FC0C81967779C00336536 /* V2BSDataDjvueDecode.m */; };
		CF3FC0CC196777D500336536 /* V2BSDataEPubDecode.m in Sources */ = {isa = PBXBuildFile; fileRef = CF3FC0CB196777D500336536 /* V2BSDataEPubDecode.m */; };
		CF3FC0CF1967780D00336536 /* V2BSDataChmDecode.m in Sources */ = {isa = PBXBuildFile; fileRef = CF3FC0CE1967780D00336536 /* V2BSDataChmDecode.m */; };
		CF3FC0D21967785800336536 /* V2BSDataCbrDecode.m in Sources */ = {isa = PBXBuildFile; fileRef = CF3FC0D11967785800336536 /* V2BSDataCbrDecode.m */; };
		CF3FC0D5196778A600336536 /* V2BSDataCbzDecode.m in Sources */ = {isa = PBXBuildFile; fileRef = CF3FC0D4196778A600336536 /* V2BSDataCbzDecode.m */; };
		CF3FC0DA1968CA2D00336536 /* V2BSMainPreferencesController.m in Sources */ = {isa = PBXBuildFile; fileRef = CF3FC0D81968CA2D00336536 /* V2BSMainPreferencesController.m */; };
		CF3FC0DC1968CDB100336536 /* V2BSMainPreferencesController.xib in Resources */ = {isa = PBXBuildFile; fileRef = CF3FC0DE1968CDB100336536 /* V2BSMainPreferencesController.xib */; };
		CF3FC0DF1968CF9E00336536 /* V2BSBookViewManager.xib in Resources */ = {isa = PBXBuildFile; fileRef = CF3FC0E11968CF9E00336536 /* V2BSBookViewManager.xib */; };
		CF3FC0E21968CFB300336536 /* V2BSComicViewManager.xib in Resources */ = {isa = PBXBuildFile; fileRef = CF3FC0E41968CFB300336536 /* V2BSComicViewManager.xib */; };
		CF3FC0E71968E2D800336536 /* V2BSPreferencesToolbarDelegate.m in Sources */ = {isa = PBXBuildFile; fileRef = CF3FC0E61968E2D800336536 /* V2BSPreferencesToolbarDelegate.m */; };
		CF3FC0ED196E41B400336536 /* V2BSHashIDWrapper.m in Sources */ = {isa = PBXBuildFile; fileRef = CF3FC0EC196E41B400336536 /* V2BSHashIDWrapper.m */; };
		CF3FC0F0196E4AC300336536 /* V2BSDatabaseWrapper.m in Sources */ = {isa = PBXBuildFile; fileRef = CF3FC0EF196E4AC300336536 /* V2BSDatabaseWrapper.m */; };
		CF3FC0F3196EBFFE00336536 /* V2BSDataIBookDecode.m in Sources */ = {isa = PBXBuildFile; fileRef = CF3FC0F2196EBFFE00336536 /* V2BSDataIBookDecode.m */; };
		CF79B61F178F45A60023538D /* hashID.c in Sources */ = {isa = PBXBuildFile; fileRef = CF79B614178F42AC0023538D /* hashID.c */; };
		CF84623517811F2400E75927 /* DropboxOSX.framework in CopyFiles */ = {isa = PBXBuildFile; fileRef = CF0BC2671780EDFE00203FFE /* DropboxOSX.framework */; settings = {ATTRIBUTES = (CodeSignOnCopy, ); }; };
		CF868CDA1781468900C86D7A /* Images.xcassets in Resources */ = {isa = PBXBuildFile; fileRef = CF868CD91781468900C86D7A /* Images.xcassets */; };
		CF8BB7C11A1EF2150085EAEC /* CoreData.framework in Frameworks */ = {isa = PBXBuildFile; fileRef = CF8BB7C01A1EF2150085EAEC /* CoreData.framework */; };
		CF8BB8181A1EF4800085EAEC /* eBookShelf.xcdatamodeld in Sources */ = {isa = PBXBuildFile; fileRef = CF8BB8161A1EF4800085EAEC /* eBookShelf.xcdatamodeld */; };
		CFA2FB15148D0CA7000540DB /* Cocoa.framework in Frameworks */ = {isa = PBXBuildFile; fileRef = CFA2FB14148D0CA7000540DB /* Cocoa.framework */; };
		CFA5B6A7188AFB8D0093CA7B /* V2BSAppDelegate.m in Sources */ = {isa = PBXBuildFile; fileRef = CFA5B6A6188AFB8D0093CA7B /* V2BSAppDelegate.m */; };
		CFA5B6A8188CD1B20093CA7B /* eBookShelfLib.a in Frameworks */ = {isa = PBXBuildFile; fileRef = CF79B61A178F458F0023538D /* eBookShelfLib.a */; };
		CFA5B6B1188E0B140093CA7B /* sha1.c in Sources */ = {isa = PBXBuildFile; fileRef = CFA5B6AF188E027E0093CA7B /* sha1.c */; };
		CFA5B6B2188E0B240093CA7B /* database.c in Sources */ = {isa = PBXBuildFile; fileRef = CFA5B6AB188DD8440093CA7B /* database.c */; };
		CFB4698F1931116F00B91B2C /* V2BSMainWindowController.m in Sources */ = {isa = PBXBuildFile; fileRef = CF22B00918923159008DC6D5 /* V2BSMainWindowController.m */; };
		CFB469971932CAAA00B91B2C /* V2BSMainWindowController.xib in Resources */ = {isa = PBXBuildFile; fileRef = CFB469951932CAAA00B91B2C /* V2BSMainWindowController.xib */; };
		CFB469991933C36700B91B2C /* Quartz.framework in Frameworks */ = {isa = PBXBuildFile; fileRef = CFB469981933C36700B91B2C /* Quartz.framework */; };
		CFF28C771634285F00CA27D1 /* Security.framework in Frameworks */ = {isa = PBXBuildFile; fileRef = CFF28C741634272900CA27D1 /* Security.framework */; };
/* End PBXBuildFile section */

/* Begin PBXContainerItemProxy section */
		CFA5B6A9188DD7310093CA7B /* PBXContainerItemProxy */ = {
			isa = PBXContainerItemProxy;
			containerPortal = CFA2FB07148D0CA6000540DB /* Project object */;
			proxyType = 1;
			remoteGlobalIDString = CF79B619178F458F0023538D;
			remoteInfo = eBookShelfLib;
		};
/* End PBXContainerItemProxy section */

/* Begin PBXCopyFilesBuildPhase section */
		CF84623417811F1000E75927 /* CopyFiles */ = {
			isa = PBXCopyFilesBuildPhase;
			buildActionMask = 2147483647;
			dstPath = "";
			dstSubfolderSpec = 10;
			files = (
				CF0BC90E1973942400340B0A /* ParseOSX.framework in CopyFiles */,
				CF84623517811F2400E75927 /* DropboxOSX.framework in CopyFiles */,
			);
			runOnlyForDeploymentPostprocessing = 0;
		};
/* End PBXCopyFilesBuildPhase section */

/* Begin PBXFileReference section */
		CF0BC1E91780E6EE00203FFE /* eBookShelf-Info.plist */ = {isa = PBXFileReference; fileEncoding = 4; lastKnownFileType = text.plist.xml; path = "eBookShelf-Info.plist"; sourceTree = "<group>"; };
		CF0BC1EA1780E6EE00203FFE /* eBookShelf-Prefix.pch */ = {isa = PBXFileReference; fileEncoding = 4; lastKnownFileType = sourcecode.c.h; path = "eBookShelf-Prefix.pch"; sourceTree = "<group>"; };
		CF0BC1EB1780E6EE00203FFE /* eBookShelf.entitlements */ = {isa = PBXFileReference; fileEncoding = 4; lastKnownFileType = text.xml; path = eBookShelf.entitlements; sourceTree = "<group>"; };
		CF0BC1ED1780E6EE00203FFE /* en */ = {isa = PBXFileReference; lastKnownFileType = text.rtf; name = en; path = en.lproj/Credits.rtf; sourceTree = "<group>"; };
		CF0BC1EF1780E6EE00203FFE /* en */ = {isa = PBXFileReference; lastKnownFileType = text.plist.strings; name = en; path = en.lproj/InfoPlist.strings; sourceTree = "<group>"; };
		CF0BC1F41780E6EE00203FFE /* main.m */ = {isa = PBXFileReference; fileEncoding = 4; lastKnownFileType = sourcecode.c.objc; path = main.m; sourceTree = "<group>"; };
		CF0BC2671780EDFE00203FFE /* DropboxOSX.framework */ = {isa = PBXFileReference; lastKnownFileType = wrapper.framework; name = DropboxOSX.framework; path = OSX/Frameworks/DropboxOSX.framework; sourceTree = "<group>"; };
		CF0BC8FD19738F6700340B0A /* ParseOSX.framework */ = {isa = PBXFileReference; lastKnownFileType = wrapper.framework; name = ParseOSX.framework; path = OSX/Frameworks/ParseOSX.framework; sourceTree = "<group>"; };
		CF0BC8FF19738FBB00340B0A /* ApplicationServices.framework */ = {isa = PBXFileReference; lastKnownFileType = wrapper.framework; name = ApplicationServices.framework; path = System/Library/Frameworks/ApplicationServices.framework; sourceTree = SDKROOT; };
		CF0BC90119738FDA00340B0A /* CFNetwork.framework */ = {isa = PBXFileReference; lastKnownFileType = wrapper.framework; name = CFNetwork.framework; path = System/Library/Frameworks/CFNetwork.framework; sourceTree = SDKROOT; };
		CF0BC9031973900E00340B0A /* CoreGraphics.framework */ = {isa = PBXFileReference; lastKnownFileType = wrapper.framework; name = CoreGraphics.framework; path = System/Library/Frameworks/CoreGraphics.framework; sourceTree = SDKROOT; };
		CF0BC9051973902F00340B0A /* CoreLocation.framework */ = {isa = PBXFileReference; lastKnownFileType = wrapper.framework; name = CoreLocation.framework; path = System/Library/Frameworks/CoreLocation.framework; sourceTree = SDKROOT; };
		CF0BC9071973904D00340B0A /* SystemConfiguration.framework */ = {isa = PBXFileReference; lastKnownFileType = wrapper.framework; name = SystemConfiguration.framework; path = System/Library/Frameworks/SystemConfiguration.framework; sourceTree = SDKROOT; };
		CF0BC9091973906800340B0A /* libsqlite3.dylib */ = {isa = PBXFileReference; lastKnownFileType = "compiled.mach-o.dylib"; name = libsqlite3.dylib; path = usr/lib/libsqlite3.dylib; sourceTree = SDKROOT; };
		CF0BC90B1973909A00340B0A /* libz.dylib */ = {isa = PBXFileReference; lastKnownFileType = "compiled.mach-o.dylib"; name = libz.dylib; path = usr/lib/libz.dylib; sourceTree = SDKROOT; };
		CF22B00818923159008DC6D5 /* V2BSMainWindowController.h */ = {isa = PBXFileReference; fileEncoding = 4; lastKnownFileType = sourcecode.c.h; path = V2BSMainWindowController.h; sourceTree = "<group>"; };
		CF22B00918923159008DC6D5 /* V2BSMainWindowController.m */ = {isa = PBXFileReference; fileEncoding = 4; lastKnownFileType = sourcecode.c.objc; path = V2BSMainWindowController.m; sourceTree = "<group>"; };
		CF354618193E489B006CE357 /* en */ = {isa = PBXFileReference; lastKnownFileType = file.xib; name = en; path = en.lproj/MainMenu.xib; sourceTree = "<group>"; };
		CF354619193E489E006CE357 /* en */ = {isa = PBXFileReference; lastKnownFileType = file.xib; name = en; path = en.lproj/V2BSMainWindowController.xib; sourceTree = "<group>"; };
		CF3FC0B919675C8F00336536 /* V2BSBookViewManager.h */ = {isa = PBXFileReference; fileEncoding = 4; lastKnownFileType = sourcecode.c.h; path = V2BSBookViewManager.h; sourceTree = "<group>"; };
		CF3FC0BA19675C8F00336536 /* V2BSBookViewManager.m */ = {isa = PBXFileReference; fileEncoding = 4; lastKnownFileType = sourcecode.c.objc; path = V2BSBookViewManager.m; sourceTree = "<group>"; };
		CF3FC0BE19675CBE00336536 /* V2BSComicViewManager.h */ = {isa = PBXFileReference; fileEncoding = 4; lastKnownFileType = sourcecode.c.h; path = V2BSComicViewManager.h; sourceTree = "<group>"; };
		CF3FC0BF19675CBE00336536 /* V2BSComicViewManager.m */ = {isa = PBXFileReference; fileEncoding = 4; lastKnownFileType = sourcecode.c.objc; path = V2BSComicViewManager.m; sourceTree = "<group>"; };
		CF3FC0C3196776F400336536 /* V2BSDataPDFDecode.h */ = {isa = PBXFileReference; fileEncoding = 4; lastKnownFileType = sourcecode.c.h; path = V2BSDataPDFDecode.h; sourceTree = "<group>"; };
		CF3FC0C4196776F400336536 /* V2BSDataPDFDecode.m */ = {isa = PBXFileReference; fileEncoding = 4; lastKnownFileType = sourcecode.c.objc; path = V2BSDataPDFDecode.m; sourceTree = "<group>"; };
		CF3FC0C71967779C00336536 /* V2BSDataDjvueDecode.h */ = {isa = PBXFileReference; fileEncoding = 4; lastKnownFileType = sourcecode.c.h; path = V2BSDataDjvueDecode.h; sourceTree = "<group>"; };
		CF3FC0C81967779C00336536 /* V2BSDataDjvueDecode.m */ = {isa = PBXFileReference; fileEncoding = 4; lastKnownFileType = sourcecode.c.objc; path = V2BSDataDjvueDecode.m; sourceTree = "<group>"; };
		CF3FC0CA196777D500336536 /* V2BSDataEPubDecode.h */ = {isa = PBXFileReference; fileEncoding = 4; lastKnownFileType = sourcecode.c.h; path = V2BSDataEPubDecode.h; sourceTree = "<group>"; };
		CF3FC0CB196777D500336536 /* V2BSDataEPubDecode.m */ = {isa = PBXFileReference; fileEncoding = 4; lastKnownFileType = sourcecode.c.objc; path = V2BSDataEPubDecode.m; sourceTree = "<group>"; };
		CF3FC0CD1967780D00336536 /* V2BSDataChmDecode.h */ = {isa = PBXFileReference; fileEncoding = 4; lastKnownFileType = sourcecode.c.h; path = V2BSDataChmDecode.h; sourceTree = "<group>"; };
		CF3FC0CE1967780D00336536 /* V2BSDataChmDecode.m */ = {isa = PBXFileReference; fileEncoding = 4; lastKnownFileType = sourcecode.c.objc; path = V2BSDataChmDecode.m; sourceTree = "<group>"; };
		CF3FC0D01967785800336536 /* V2BSDataCbrDecode.h */ = {isa = PBXFileReference; fileEncoding = 4; lastKnownFileType = sourcecode.c.h; path = V2BSDataCbrDecode.h; sourceTree = "<group>"; };
		CF3FC0D11967785800336536 /* V2BSDataCbrDecode.m */ = {isa = PBXFileReference; fileEncoding = 4; lastKnownFileType = sourcecode.c.objc; path = V2BSDataCbrDecode.m; sourceTree = "<group>"; };
		CF3FC0D3196778A600336536 /* V2BSDataCbzDecode.h */ = {isa = PBXFileReference; fileEncoding = 4; lastKnownFileType = sourcecode.c.h; path = V2BSDataCbzDecode.h; sourceTree = "<group>"; };
		CF3FC0D4196778A600336536 /* V2BSDataCbzDecode.m */ = {isa = PBXFileReference; fileEncoding = 4; lastKnownFileType = sourcecode.c.objc; path = V2BSDataCbzDecode.m; sourceTree = "<group>"; };
		CF3FC0D71968CA2D00336536 /* V2BSMainPreferencesController.h */ = {isa = PBXFileReference; fileEncoding = 4; lastKnownFileType = sourcecode.c.h; path = V2BSMainPreferencesController.h; sourceTree = "<group>"; };
		CF3FC0D81968CA2D00336536 /* V2BSMainPreferencesController.m */ = {isa = PBXFileReference; fileEncoding = 4; lastKnownFileType = sourcecode.c.objc; path = V2BSMainPreferencesController.m; sourceTree = "<group>"; };
		CF3FC0DD1968CDB100336536 /* en */ = {isa = PBXFileReference; lastKnownFileType = file.xib; name = en; path = en.lproj/V2BSMainPreferencesController.xib; sourceTree = "<group>"; };
		CF3FC0E01968CF9E00336536 /* en */ = {isa = PBXFileReference; lastKnownFileType = file.xib; name = en; path = en.lproj/V2BSBookViewManager.xib; sourceTree = "<group>"; };
		CF3FC0E31968CFB300336536 /* en */ = {isa = PBXFileReference; lastKnownFileType = file.xib; name = en; path = en.lproj/V2BSComicViewManager.xib; sourceTree = "<group>"; };
		CF3FC0E51968E2D800336536 /* V2BSPreferencesToolbarDelegate.h */ = {isa = PBXFileReference; fileEncoding = 4; lastKnownFileType = sourcecode.c.h; path = V2BSPreferencesToolbarDelegate.h; sourceTree = "<group>"; };
		CF3FC0E61968E2D800336536 /* V2BSPreferencesToolbarDelegate.m */ = {isa = PBXFileReference; fileEncoding = 4; lastKnownFileType = sourcecode.c.objc; path = V2BSPreferencesToolbarDelegate.m; sourceTree = "<group>"; };
		CF3FC0EB196E41B400336536 /* V2BSHashIDWrapper.h */ = {isa = PBXFileReference; fileEncoding = 4; lastKnownFileType = sourcecode.c.h; path = V2BSHashIDWrapper.h; sourceTree = "<group>"; };
		CF3FC0EC196E41B400336536 /* V2BSHashIDWrapper.m */ = {isa = PBXFileReference; fileEncoding = 4; lastKnownFileType = sourcecode.c.objc; path = V2BSHashIDWrapper.m; sourceTree = "<group>"; };
		CF3FC0EE196E4AC300336536 /* V2BSDatabaseWrapper.h */ = {isa = PBXFileReference; fileEncoding = 4; lastKnownFileType = sourcecode.c.h; path = V2BSDatabaseWrapper.h; sourceTree = "<group>"; };
		CF3FC0EF196E4AC300336536 /* V2BSDatabaseWrapper.m */ = {isa = PBXFileReference; fileEncoding = 4; lastKnownFileType = sourcecode.c.objc; path = V2BSDatabaseWrapper.m; sourceTree = "<group>"; };
		CF3FC0F1196EBFFE00336536 /* V2BSDataIBookDecode.h */ = {isa = PBXFileReference; fileEncoding = 4; lastKnownFileType = sourcecode.c.h; path = V2BSDataIBookDecode.h; sourceTree = "<group>"; };
		CF3FC0F2196EBFFE00336536 /* V2BSDataIBookDecode.m */ = {isa = PBXFileReference; fileEncoding = 4; lastKnownFileType = sourcecode.c.objc; path = V2BSDataIBookDecode.m; sourceTree = "<group>"; };
		CF79B613178F428D0023538D /* hashID.h */ = {isa = PBXFileReference; fileEncoding = 4; lastKnownFileType = sourcecode.c.h; name = hashID.h; path = common/hashID.h; sourceTree = "<group>"; };
		CF79B614178F42AC0023538D /* hashID.c */ = {isa = PBXFileReference; fileEncoding = 4; lastKnownFileType = sourcecode.c.c; name = hashID.c; path = common/hashID.c; sourceTree = "<group>"; };
		CF79B61A178F458F0023538D /* eBookShelfLib.a */ = {isa = PBXFileReference; explicitFileType = archive.ar; includeInIndex = 0; path = eBookShelfLib.a; sourceTree = BUILT_PRODUCTS_DIR; };
		CF868CD91781468900C86D7A /* Images.xcassets */ = {isa = PBXFileReference; lastKnownFileType = folder.assetcatalog; path = Images.xcassets; sourceTree = "<group>"; };
		CF8BB7C01A1EF2150085EAEC /* CoreData.framework */ = {isa = PBXFileReference; lastKnownFileType = wrapper.framework; name = CoreData.framework; path = System/Library/Frameworks/CoreData.framework; sourceTree = SDKROOT; };
		CF8BB8171A1EF4800085EAEC /* eBookShelf.xcdatamodel */ = {isa = PBXFileReference; lastKnownFileType = wrapper.xcdatamodel; path = eBookShelf.xcdatamodel; sourceTree = "<group>"; };
		CFA2FB10148D0CA7000540DB /* eBookShelf.app */ = {isa = PBXFileReference; explicitFileType = wrapper.application; includeInIndex = 0; path = eBookShelf.app; sourceTree = BUILT_PRODUCTS_DIR; };
		CFA2FB14148D0CA7000540DB /* Cocoa.framework */ = {isa = PBXFileReference; lastKnownFileType = wrapper.framework; name = Cocoa.framework; path = System/Library/Frameworks/Cocoa.framework; sourceTree = SDKROOT; };
		CFA5B6A5188AFB8D0093CA7B /* V2BSAppDelegate.h */ = {isa = PBXFileReference; fileEncoding = 4; lastKnownFileType = sourcecode.c.h; path = V2BSAppDelegate.h; sourceTree = "<group>"; };
		CFA5B6A6188AFB8D0093CA7B /* V2BSAppDelegate.m */ = {isa = PBXFileReference; fileEncoding = 4; lastKnownFileType = sourcecode.c.objc; path = V2BSAppDelegate.m; sourceTree = "<group>"; };
		CFA5B6AB188DD8440093CA7B /* database.c */ = {isa = PBXFileReference; fileEncoding = 4; lastKnownFileType = sourcecode.c.c; name = database.c; path = common/database.c; sourceTree = "<group>"; };
		CFA5B6AC188DD8440093CA7B /* database.h */ = {isa = PBXFileReference; fileEncoding = 4; lastKnownFileType = sourcecode.c.h; name = database.h; path = common/database.h; sourceTree = "<group>"; };
		CFA5B6AE188DFEDB0093CA7B /* sha1.h */ = {isa = PBXFileReference; lastKnownFileType = sourcecode.c.h; name = sha1.h; path = common/sha1.h; sourceTree = "<group>"; };
		CFA5B6AF188E027E0093CA7B /* sha1.c */ = {isa = PBXFileReference; fileEncoding = 4; lastKnownFileType = sourcecode.c.c; name = sha1.c; path = common/sha1.c; sourceTree = "<group>"; };
		CFB469981933C36700B91B2C /* Quartz.framework */ = {isa = PBXFileReference; lastKnownFileType = wrapper.framework; name = Quartz.framework; path = System/Library/Frameworks/Quartz.framework; sourceTree = SDKROOT; };
		CFF28C741634272900CA27D1 /* Security.framework */ = {isa = PBXFileReference; lastKnownFileType = wrapper.framework; name = Security.framework; path = System/Library/Frameworks/Security.framework; sourceTree = SDKROOT; };
/* End PBXFileReference section */

/* Begin PBXFrameworksBuildPhase section */
		CF79B617178F458F0023538D /* Frameworks */ = {
			isa = PBXFrameworksBuildPhase;
			buildActionMask = 2147483647;
			files = (
			);
			runOnlyForDeploymentPostprocessing = 0;
		};
		CFA2FB0D148D0CA7000540DB /* Frameworks */ = {
			isa = PBXFrameworksBuildPhase;
			buildActionMask = 2147483647;
			files = (
				CFA5B6A8188CD1B20093CA7B /* eBookShelfLib.a in Frameworks */,
				CF0BC90C1973909A00340B0A /* libz.dylib in Frameworks */,
				CF0BC90A1973906800340B0A /* libsqlite3.dylib in Frameworks */,
				CFA2FB15148D0CA7000540DB /* Cocoa.framework in Frameworks */,
				CFB469991933C36700B91B2C /* Quartz.framework in Frameworks */,
				CF8BB7C11A1EF2150085EAEC /* CoreData.framework in Frameworks */,
				CF0BC90219738FDA00340B0A /* CFNetwork.framework in Frameworks */,
				CF0BC9041973900E00340B0A /* CoreGraphics.framework in Frameworks */,
				CF0BC9061973903000340B0A /* CoreLocation.framework in Frameworks */,
				CF0BC9081973904D00340B0A /* SystemConfiguration.framework in Frameworks */,
				CF0BC90019738FBB00340B0A /* ApplicationServices.framework in Frameworks */,
				CFF28C771634285F00CA27D1 /* Security.framework in Frameworks */,
				CF0BC2DE1780F97300203FFE /* DropboxOSX.framework in Frameworks */,
				CF0BC8FE19738F6700340B0A /* ParseOSX.framework in Frameworks */,
			);
			runOnlyForDeploymentPostprocessing = 0;
		};
/* End PBXFrameworksBuildPhase section */

/* Begin PBXGroup section */
		CF0BC1E61780E6EE00203FFE /* OSX */ = {
			isa = PBXGroup;
			children = (
				CF868CD91781468900C86D7A /* Images.xcassets */,
				CF0BC1EB1780E6EE00203FFE /* eBookShelf.entitlements */,
				CF8BB8161A1EF4800085EAEC /* eBookShelf.xcdatamodeld */,
				CF3B005718E9CD8F00B9D4F3 /* Resources */,
				CF0BC2651780E8E700203FFE /* Main */,
				CF3B005818E9CE2800B9D4F3 /* MainBookShelf */,
				CF3B005518E9A23100B9D4F3 /* DocumentViewer */,
				CF3FC0C61967770500336536 /* SupportedFormats */,
				CF3FC0EA196E412800336536 /* CommonClasses */,
				CFA2FB13148D0CA7000540DB /* Frameworks */,
			);
			path = OSX;
			sourceTree = SOURCE_ROOT;
		};
		CF0BC2651780E8E700203FFE /* Main */ = {
			isa = PBXGroup;
			children = (
				CF0BC1F41780E6EE00203FFE /* main.m */,
				CF0BC1EA1780E6EE00203FFE /* eBookShelf-Prefix.pch */,
				CF0BC1E91780E6EE00203FFE /* eBookShelf-Info.plist */,
			);
			name = Main;
			sourceTree = "<group>";
		};
		CF0BC90D197390B000340B0A /* System Libraries */ = {
			isa = PBXGroup;
			children = (
				CF0BC90B1973909A00340B0A /* libz.dylib */,
				CF0BC9091973906800340B0A /* libsqlite3.dylib */,
			);
			name = "System Libraries";
			sourceTree = "<group>";
		};
		CF3B005518E9A23100B9D4F3 /* DocumentViewer */ = {
			isa = PBXGroup;
			children = (
				CF3FC0B919675C8F00336536 /* V2BSBookViewManager.h */,
				CF3FC0BA19675C8F00336536 /* V2BSBookViewManager.m */,
				CF3FC0BE19675CBE00336536 /* V2BSComicViewManager.h */,
				CF3FC0BF19675CBE00336536 /* V2BSComicViewManager.m */,
			);
			path = DocumentViewer;
			sourceTree = "<group>";
		};
		CF3B005718E9CD8F00B9D4F3 /* Resources */ = {
			isa = PBXGroup;
			children = (
				CF0BC1EC1780E6EE00203FFE /* Credits.rtf */,
				CF0BC1F01780E6EE00203FFE /* MainMenu.xib */,
				CF0BC1EE1780E6EE00203FFE /* InfoPlist.strings */,
				CFB469951932CAAA00B91B2C /* V2BSMainWindowController.xib */,
				CF3FC0DE1968CDB100336536 /* V2BSMainPreferencesController.xib */,
				CF3FC0E11968CF9E00336536 /* V2BSBookViewManager.xib */,
				CF3FC0E41968CFB300336536 /* V2BSComicViewManager.xib */,
			);
			name = Resources;
			sourceTree = "<group>";
		};
		CF3B005818E9CE2800B9D4F3 /* MainBookShelf */ = {
			isa = PBXGroup;
			children = (
				CFA5B6A5188AFB8D0093CA7B /* V2BSAppDelegate.h */,
				CFA5B6A6188AFB8D0093CA7B /* V2BSAppDelegate.m */,
				CF22B00818923159008DC6D5 /* V2BSMainWindowController.h */,
				CF22B00918923159008DC6D5 /* V2BSMainWindowController.m */,
				CF3FC0D71968CA2D00336536 /* V2BSMainPreferencesController.h */,
				CF3FC0D81968CA2D00336536 /* V2BSMainPreferencesController.m */,
				CF3FC0E51968E2D800336536 /* V2BSPreferencesToolbarDelegate.h */,
				CF3FC0E61968E2D800336536 /* V2BSPreferencesToolbarDelegate.m */,
			);
			name = MainBookShelf;
			sourceTree = "<group>";
		};
		CF3FC0C61967770500336536 /* SupportedFormats */ = {
			isa = PBXGroup;
			children = (
				CF3FC0F1196EBFFE00336536 /* V2BSDataIBookDecode.h */,
				CF3FC0F2196EBFFE00336536 /* V2BSDataIBookDecode.m */,
				CF3FC0C3196776F400336536 /* V2BSDataPDFDecode.h */,
				CF3FC0C4196776F400336536 /* V2BSDataPDFDecode.m */,
				CF3FC0C71967779C00336536 /* V2BSDataDjvueDecode.h */,
				CF3FC0C81967779C00336536 /* V2BSDataDjvueDecode.m */,
				CF3FC0CA196777D500336536 /* V2BSDataEPubDecode.h */,
				CF3FC0CB196777D500336536 /* V2BSDataEPubDecode.m */,
				CF3FC0CD1967780D00336536 /* V2BSDataChmDecode.h */,
				CF3FC0CE1967780D00336536 /* V2BSDataChmDecode.m */,
				CF3FC0D01967785800336536 /* V2BSDataCbrDecode.h */,
				CF3FC0D11967785800336536 /* V2BSDataCbrDecode.m */,
				CF3FC0D3196778A600336536 /* V2BSDataCbzDecode.h */,
				CF3FC0D4196778A600336536 /* V2BSDataCbzDecode.m */,
			);
			path = SupportedFormats;
			sourceTree = "<group>";
		};
		CF3FC0EA196E412800336536 /* CommonClasses */ = {
			isa = PBXGroup;
			children = (
				CF3FC0EE196E4AC300336536 /* V2BSDatabaseWrapper.h */,
				CF3FC0EF196E4AC300336536 /* V2BSDatabaseWrapper.m */,
				CF3FC0EB196E41B400336536 /* V2BSHashIDWrapper.h */,
				CF3FC0EC196E41B400336536 /* V2BSHashIDWrapper.m */,
			);
			path = CommonClasses;
			sourceTree = "<group>";
		};
		CF79B612178F41F60023538D /* Common */ = {
			isa = PBXGroup;
			children = (
				CFA5B6AB188DD8440093CA7B /* database.c */,
				CFA5B6AC188DD8440093CA7B /* database.h */,
				CF79B613178F428D0023538D /* hashID.h */,
				CF79B614178F42AC0023538D /* hashID.c */,
				CFA5B6AE188DFEDB0093CA7B /* sha1.h */,
				CFA5B6AF188E027E0093CA7B /* sha1.c */,
			);
			name = Common;
			sourceTree = "<group>";
		};
		CFA2FB05148D0CA6000540DB = {
			isa = PBXGroup;
			children = (
				CF79B612178F41F60023538D /* Common */,
				CF0BC1E61780E6EE00203FFE /* OSX */,
				CFA2FB11148D0CA7000540DB /* Products */,
			);
			sourceTree = "<group>";
		};
		CFA2FB11148D0CA7000540DB /* Products */ = {
			isa = PBXGroup;
			children = (
				CFA2FB10148D0CA7000540DB /* eBookShelf.app */,
				CF79B61A178F458F0023538D /* eBookShelfLib.a */,
			);
			name = Products;
			sourceTree = "<group>";
		};
		CFA2FB13148D0CA7000540DB /* Frameworks */ = {
			isa = PBXGroup;
			children = (
				CFA2FB14148D0CA7000540DB /* Cocoa.framework */,
				CFB469981933C36700B91B2C /* Quartz.framework */,
				CF8BB7C01A1EF2150085EAEC /* CoreData.framework */,
				CF0BC90119738FDA00340B0A /* CFNetwork.framework */,
				CF0BC9031973900E00340B0A /* CoreGraphics.framework */,
				CF0BC9051973902F00340B0A /* CoreLocation.framework */,
				CF0BC9071973904D00340B0A /* SystemConfiguration.framework */,
				CF0BC8FF19738FBB00340B0A /* ApplicationServices.framework */,
				CFF28C741634272900CA27D1 /* Security.framework */,
				CF0BC90D197390B000340B0A /* System Libraries */,
				CFA2FB16148D0CA7000540DB /* Other Frameworks */,
			);
			path = Frameworks;
			sourceTree = "<group>";
		};
		CFA2FB16148D0CA7000540DB /* Other Frameworks */ = {
			isa = PBXGroup;
			children = (
				CF0BC2671780EDFE00203FFE /* DropboxOSX.framework */,
				CF0BC8FD19738F6700340B0A /* ParseOSX.framework */,
			);
			name = "Other Frameworks";
			sourceTree = SOURCE_ROOT;
		};
/* End PBXGroup section */

/* Begin PBXHeadersBuildPhase section */
		CF79B618178F458F0023538D /* Headers */ = {
			isa = PBXHeadersBuildPhase;
			buildActionMask = 2147483647;
			files = (
			);
			runOnlyForDeploymentPostprocessing = 0;
		};
/* End PBXHeadersBuildPhase section */

/* Begin PBXNativeTarget section */
		CF79B619178F458F0023538D /* eBookShelfLib */ = {
			isa = PBXNativeTarget;
			buildConfigurationList = CF79B61B178F458F0023538D /* Build configuration list for PBXNativeTarget "eBookShelfLib" */;
			buildPhases = (
				CF79B616178F458F0023538D /* Sources */,
				CF79B617178F458F0023538D /* Frameworks */,
				CF79B618178F458F0023538D /* Headers */,
			);
			buildRules = (
			);
			dependencies = (
			);
			name = eBookShelfLib;
			productName = eBookShelfLib;
			productReference = CF79B61A178F458F0023538D /* eBookShelfLib.a */;
			productType = "com.apple.product-type.library.static";
		};
		CFA2FB0F148D0CA7000540DB /* eBookShelf */ = {
			isa = PBXNativeTarget;
			buildConfigurationList = CFA2FB31148D0CA7000540DB /* Build configuration list for PBXNativeTarget "eBookShelf" */;
			buildPhases = (
				CFA2FB0C148D0CA7000540DB /* Sources */,
				CFA2FB0D148D0CA7000540DB /* Frameworks */,
				CFA2FB0E148D0CA7000540DB /* Resources */,
				CF84623417811F1000E75927 /* CopyFiles */,
			);
			buildRules = (
			);
			dependencies = (
				CFA5B6AA188DD7310093CA7B /* PBXTargetDependency */,
			);
			name = eBookShelf;
			productName = eBookShelf;
			productReference = CFA2FB10148D0CA7000540DB /* eBookShelf.app */;
			productType = "com.apple.product-type.application";
		};
/* End PBXNativeTarget section */

/* Begin PBXProject section */
		CFA2FB07148D0CA6000540DB /* Project object */ = {
			isa = PBXProject;
			attributes = {
				CLASSPREFIX = V2BS;
				LastUpgradeCheck = 0610;
				ORGANIZATIONNAME = "v2 lab";
				TargetAttributes = {
					CFA2FB0F148D0CA7000540DB = {
						DevelopmentTeam = KNERK97WK8;
						SystemCapabilities = {
							com.apple.Sandbox = {
								enabled = 0;
							};
							com.apple.iCloud = {
								enabled = 0;
							};
						};
					};
				};
			};
			buildConfigurationList = CFA2FB0A148D0CA6000540DB /* Build configuration list for PBXProject "eBookShelf" */;
			compatibilityVersion = "Xcode 3.2";
			developmentRegion = English;
			hasScannedForEncodings = 0;
			knownRegions = (
				en,
			);
			mainGroup = CFA2FB05148D0CA6000540DB;
			productRefGroup = CFA2FB11148D0CA7000540DB /* Products */;
			projectDirPath = "";
			projectRoot = "";
			targets = (
				CFA2FB0F148D0CA7000540DB /* eBookShelf */,
				CF79B619178F458F0023538D /* eBookShelfLib */,
			);
		};
/* End PBXProject section */

/* Begin PBXResourcesBuildPhase section */
		CFA2FB0E148D0CA7000540DB /* Resources */ = {
			isa = PBXResourcesBuildPhase;
			buildActionMask = 2147483647;
			files = (
				CFB469971932CAAA00B91B2C /* V2BSMainWindowController.xib in Resources */,
				CF3FC0DC1968CDB100336536 /* V2BSMainPreferencesController.xib in Resources */,
				CF3FC0DF1968CF9E00336536 /* V2BSBookViewManager.xib in Resources */,
				CF0BC1FA1780E6EE00203FFE /* MainMenu.xib in Resources */,
				CF3FC0E21968CFB300336536 /* V2BSComicViewManager.xib in Resources */,
				CF868CDA1781468900C86D7A /* Images.xcassets in Resources */,
				CF0BC1F81780E6EE00203FFE /* Credits.rtf in Resources */,
			);
			runOnlyForDeploymentPostprocessing = 0;
		};
/* End PBXResourcesBuildPhase section */

/* Begin PBXSourcesBuildPhase section */
		CF79B616178F458F0023538D /* Sources */ = {
			isa = PBXSourcesBuildPhase;
			buildActionMask = 2147483647;
			files = (
				CFA5B6B2188E0B240093CA7B /* database.c in Sources */,
				CFA5B6B1188E0B140093CA7B /* sha1.c in Sources */,
				CF79B61F178F45A60023538D /* hashID.c in Sources */,
			);
			runOnlyForDeploymentPostprocessing = 0;
		};
		CFA2FB0C148D0CA7000540DB /* Sources */ = {
			isa = PBXSourcesBuildPhase;
			buildActionMask = 2147483647;
			files = (
				CF3FC0C91967779C00336536 /* V2BSDataDjvueDecode.m in Sources */,
				CF8BB8181A1EF4800085EAEC /* eBookShelf.xcdatamodeld in Sources */,
				CFA5B6A7188AFB8D0093CA7B /* V2BSAppDelegate.m in Sources */,
				CF3FC0F0196E4AC300336536 /* V2BSDatabaseWrapper.m in Sources */,
				CF3FC0DA1968CA2D00336536 /* V2BSMainPreferencesController.m in Sources */,
				CF3FC0C5196776F400336536 /* V2BSDataPDFDecode.m in Sources */,
				CF3FC0F3196EBFFE00336536 /* V2BSDataIBookDecode.m in Sources */,
				CF3FC0BC19675C8F00336536 /* V2BSBookViewManager.m in Sources */,
				CF3FC0ED196E41B400336536 /* V2BSHashIDWrapper.m in Sources */,
				CF3FC0CF1967780D00336536 /* V2BSDataChmDecode.m in Sources */,
				CFB4698F1931116F00B91B2C /* V2BSMainWindowController.m in Sources */,
				CF3FC0C119675CBE00336536 /* V2BSComicViewManager.m in Sources */,
				CF3FC0D5196778A600336536 /* V2BSDataCbzDecode.m in Sources */,
				CF3FC0E71968E2D800336536 /* V2BSPreferencesToolbarDelegate.m in Sources */,
				CF0BC1FC1780E6EE00203FFE /* main.m in Sources */,
				CF3FC0D21967785800336536 /* V2BSDataCbrDecode.m in Sources */,
				CF3FC0CC196777D500336536 /* V2BSDataEPubDecode.m in Sources */,
			);
			runOnlyForDeploymentPostprocessing = 0;
		};
/* End PBXSourcesBuildPhase section */

/* Begin PBXTargetDependency section */
		CFA5B6AA188DD7310093CA7B /* PBXTargetDependency */ = {
			isa = PBXTargetDependency;
			target = CF79B619178F458F0023538D /* eBookShelfLib */;
			targetProxy = CFA5B6A9188DD7310093CA7B /* PBXContainerItemProxy */;
		};
/* End PBXTargetDependency section */

/* Begin PBXVariantGroup section */
		CF0BC1EC1780E6EE00203FFE /* Credits.rtf */ = {
			isa = PBXVariantGroup;
			children = (
				CF0BC1ED1780E6EE00203FFE /* en */,
			);
			name = Credits.rtf;
			sourceTree = "<group>";
		};
		CF0BC1EE1780E6EE00203FFE /* InfoPlist.strings */ = {
			isa = PBXVariantGroup;
			children = (
				CF0BC1EF1780E6EE00203FFE /* en */,
			);
			name = InfoPlist.strings;
			sourceTree = "<group>";
		};
		CF0BC1F01780E6EE00203FFE /* MainMenu.xib */ = {
			isa = PBXVariantGroup;
			children = (
				CF354618193E489B006CE357 /* en */,
			);
			name = MainMenu.xib;
			sourceTree = "<group>";
		};
		CF3FC0DE1968CDB100336536 /* V2BSMainPreferencesController.xib */ = {
			isa = PBXVariantGroup;
			children = (
				CF3FC0DD1968CDB100336536 /* en */,
			);
			name = V2BSMainPreferencesController.xib;
			sourceTree = "<group>";
		};
		CF3FC0E11968CF9E00336536 /* V2BSBookViewManager.xib */ = {
			isa = PBXVariantGroup;
			children = (
				CF3FC0E01968CF9E00336536 /* en */,
			);
			name = V2BSBookViewManager.xib;
			path = DocumentViewer;
			sourceTree = "<group>";
		};
		CF3FC0E41968CFB300336536 /* V2BSComicViewManager.xib */ = {
			isa = PBXVariantGroup;
			children = (
				CF3FC0E31968CFB300336536 /* en */,
			);
			name = V2BSComicViewManager.xib;
			path = DocumentViewer;
			sourceTree = "<group>";
		};
		CFB469951932CAAA00B91B2C /* V2BSMainWindowController.xib */ = {
			isa = PBXVariantGroup;
			children = (
				CF354619193E489E006CE357 /* en */,
			);
			name = V2BSMainWindowController.xib;
			sourceTree = "<group>";
		};
/* End PBXVariantGroup section */

/* Begin XCBuildConfiguration section */
		CF79B61C178F458F0023538D /* Debug */ = {
			isa = XCBuildConfiguration;
			buildSettings = {
				CLANG_CXX_LANGUAGE_STANDARD = "gnu++0x";
				CLANG_CXX_LIBRARY = "libc++";
				CLANG_ENABLE_MODULES = YES;
				CLANG_WARN_DIRECT_OBJC_ISA_USAGE = YES_ERROR;
				CLANG_WARN_OBJC_ROOT_CLASS = YES_ERROR;
				CODE_SIGN_IDENTITY = "Mac Developer: Juvenal Silva (H2N2D62X2S)";
				COMBINE_HIDPI_IMAGES = YES;
				EXECUTABLE_PREFIX = "";
				GCC_PREPROCESSOR_DEFINITIONS = (
					"DEBUG=1",
					"$(inherited)",
				);
				GCC_WARN_ABOUT_RETURN_TYPE = YES_ERROR;
				MACOSX_DEPLOYMENT_TARGET = 10.7;
				PRODUCT_NAME = "$(TARGET_NAME)";
				PROVISIONING_PROFILE = "1CB3BB93-B454-49CB-86E9-187AC1427BF0";
			};
			name = Debug;
		};
		CF79B61D178F458F0023538D /* Release */ = {
			isa = XCBuildConfiguration;
			buildSettings = {
				CLANG_CXX_LANGUAGE_STANDARD = "gnu++0x";
				CLANG_CXX_LIBRARY = "libc++";
				CLANG_ENABLE_MODULES = YES;
				CLANG_WARN_DIRECT_OBJC_ISA_USAGE = YES_ERROR;
				CLANG_WARN_OBJC_ROOT_CLASS = YES_ERROR;
				CODE_SIGN_IDENTITY = "Mac Developer: Juvenal Silva (H2N2D62X2S)";
				COMBINE_HIDPI_IMAGES = YES;
				ENABLE_NS_ASSERTIONS = NO;
				EXECUTABLE_PREFIX = "";
				GCC_WARN_ABOUT_RETURN_TYPE = YES_ERROR;
				MACOSX_DEPLOYMENT_TARGET = 10.7;
				PRODUCT_NAME = "$(TARGET_NAME)";
				PROVISIONING_PROFILE = "1CB3BB93-B454-49CB-86E9-187AC1427BF0";
			};
			name = Release;
		};
		CFA2FB2F148D0CA7000540DB /* Debug */ = {
			isa = XCBuildConfiguration;
			buildSettings = {
				ALWAYS_SEARCH_USER_PATHS = NO;
				CLANG_ENABLE_OBJC_ARC = YES;
				CLANG_WARN_BOOL_CONVERSION = YES;
				CLANG_WARN_CONSTANT_CONVERSION = YES;
				CLANG_WARN_EMPTY_BODY = YES;
				CLANG_WARN_ENUM_CONVERSION = YES;
				CLANG_WARN_INT_CONVERSION = YES;
				CLANG_WARN__DUPLICATE_METHOD_MATCH = YES;
				CODE_SIGN_IDENTITY = "Mac Developer: Juvenal Silva (H2N2D62X2S)";
				COPY_PHASE_STRIP = NO;
				GCC_C_LANGUAGE_STANDARD = gnu99;
				GCC_DYNAMIC_NO_PIC = NO;
				GCC_ENABLE_OBJC_EXCEPTIONS = YES;
				GCC_OPTIMIZATION_LEVEL = 0;
				GCC_PREPROCESSOR_DEFINITIONS = (
					"DEBUG=1",
					"$(inherited)",
				);
				GCC_SYMBOLS_PRIVATE_EXTERN = NO;
				GCC_VERSION = "";
				GCC_WARN_64_TO_32_BIT_CONVERSION = YES;
				GCC_WARN_ABOUT_MISSING_PROTOTYPES = YES;
				GCC_WARN_ABOUT_RETURN_TYPE = YES;
				GCC_WARN_UNDECLARED_SELECTOR = YES;
				GCC_WARN_UNINITIALIZED_AUTOS = YES;
				GCC_WARN_UNUSED_FUNCTION = YES;
				GCC_WARN_UNUSED_VARIABLE = YES;
				MACOSX_DEPLOYMENT_TARGET = 10.7;
				ONLY_ACTIVE_ARCH = YES;
				PROVISIONING_PROFILE = "B20EA080-7A05-42E2-BDA0-DEF406D38109";
				SDKROOT = macosx;
			};
			name = Debug;
		};
		CFA2FB30148D0CA7000540DB /* Release */ = {
			isa = XCBuildConfiguration;
			buildSettings = {
				ALWAYS_SEARCH_USER_PATHS = NO;
				CLANG_ENABLE_OBJC_ARC = YES;
				CLANG_WARN_BOOL_CONVERSION = YES;
				CLANG_WARN_CONSTANT_CONVERSION = YES;
				CLANG_WARN_EMPTY_BODY = YES;
				CLANG_WARN_ENUM_CONVERSION = YES;
				CLANG_WARN_INT_CONVERSION = YES;
				CLANG_WARN__DUPLICATE_METHOD_MATCH = YES;
				CODE_SIGN_IDENTITY = "Mac Developer: Juvenal Silva (H2N2D62X2S)";
				COPY_PHASE_STRIP = YES;
				DEBUG_INFORMATION_FORMAT = "dwarf-with-dsym";
				GCC_C_LANGUAGE_STANDARD = gnu99;
				GCC_ENABLE_OBJC_EXCEPTIONS = YES;
				GCC_VERSION = "";
				GCC_WARN_64_TO_32_BIT_CONVERSION = YES;
				GCC_WARN_ABOUT_MISSING_PROTOTYPES = YES;
				GCC_WARN_ABOUT_RETURN_TYPE = YES;
				GCC_WARN_UNDECLARED_SELECTOR = YES;
				GCC_WARN_UNINITIALIZED_AUTOS = YES;
				GCC_WARN_UNUSED_FUNCTION = YES;
				GCC_WARN_UNUSED_VARIABLE = YES;
				MACOSX_DEPLOYMENT_TARGET = 10.7;
				PROVISIONING_PROFILE = "B20EA080-7A05-42E2-BDA0-DEF406D38109";
				SDKROOT = macosx;
			};
			name = Release;
		};
		CFA2FB32148D0CA7000540DB /* Debug */ = {
			isa = XCBuildConfiguration;
			buildSettings = {
				ASSETCATALOG_COMPILER_APPICON_NAME = AppIcon;
				CODE_SIGN_IDENTITY = "";
				"CODE_SIGN_IDENTITY[sdk=macosx*]" = "";
				COMBINE_HIDPI_IMAGES = YES;
				FRAMEWORK_SEARCH_PATHS = (
					"$(inherited)",
					"$(SRCROOT)",
					"$(SRCROOT)/OSX/Frameworks",
					"$(PROJECT_DIR)/OSX/Frameworks",
				);
				GCC_PRECOMPILE_PREFIX_HEADER = YES;
				GCC_PREFIX_HEADER = "OSX/eBookShelf-Prefix.pch";
				INFOPLIST_FILE = "$(SRCROOT)/OSX/eBookShelf-Info.plist";
				MACOSX_DEPLOYMENT_TARGET = 10.7;
				OTHER_CODE_SIGN_FLAGS = "";
				PRODUCT_NAME = "$(TARGET_NAME)";
				PROVISIONING_PROFILE = "";
				WRAPPER_EXTENSION = app;
			};
			name = Debug;
		};
		CFA2FB33148D0CA7000540DB /* Release */ = {
			isa = XCBuildConfiguration;
			buildSettings = {
				ASSETCATALOG_COMPILER_APPICON_NAME = AppIcon;
				CODE_SIGN_IDENTITY = "";
				"CODE_SIGN_IDENTITY[sdk=macosx*]" = "";
				COMBINE_HIDPI_IMAGES = YES;
				FRAMEWORK_SEARCH_PATHS = (
					"$(inherited)",
					"$(SRCROOT)",
					"$(SRCROOT)/OSX/Frameworks",
					"$(PROJECT_DIR)/OSX/Frameworks",
				);
				GCC_PRECOMPILE_PREFIX_HEADER = YES;
				GCC_PREFIX_HEADER = "OSX/eBookShelf-Prefix.pch";
				INFOPLIST_FILE = "$(SRCROOT)/OSX/eBookShelf-Info.plist";
				MACOSX_DEPLOYMENT_TARGET = 10.7;
				OTHER_CODE_SIGN_FLAGS = "";
				PRODUCT_NAME = "$(TARGET_NAME)";
				PROVISIONING_PROFILE = "";
				WRAPPER_EXTENSION = app;
			};
			name = Release;
		};
/* End XCBuildConfiguration section */

/* Begin XCConfigurationList section */
		CF79B61B178F458F0023538D /* Build configuration list for PBXNativeTarget "eBookShelfLib" */ = {
			isa = XCConfigurationList;
			buildConfigurations = (
				CF79B61C178F458F0023538D /* Debug */,
				CF79B61D178F458F0023538D /* Release */,
			);
			defaultConfigurationIsVisible = 0;
			defaultConfigurationName = Release;
		};
		CFA2FB0A148D0CA6000540DB /* Build configuration list for PBXProject "eBookShelf" */ = {
			isa = XCConfigurationList;
			buildConfigurations = (
				CFA2FB2F148D0CA7000540DB /* Debug */,
				CFA2FB30148D0CA7000540DB /* Release */,
			);
			defaultConfigurationIsVisible = 0;
			defaultConfigurationName = Release;
		};
		CFA2FB31148D0CA7000540DB /* Build configuration list for PBXNativeTarget "eBookShelf" */ = {
			isa = XCConfigurationList;
			buildConfigurations = (
				CFA2FB32148D0CA7000540DB /* Debug */,
				CFA2FB33148D0CA7000540DB /* Release */,
			);
			defaultConfigurationIsVisible = 0;
			defaultConfigurationName = Release;
		};
/* End XCConfigurationList section */

/* Begin XCVersionGroup section */
		CF8BB8161A1EF4800085EAEC /* eBookShelf.xcdatamodeld */ = {
			isa = XCVersionGroup;
			children = (
				CF8BB8171A1EF4800085EAEC /* eBookShelf.xcdatamodel */,
			);
			currentVersion = CF8BB8171A1EF4800085EAEC /* eBookShelf.xcdatamodel */;
			path = eBookShelf.xcdatamodeld;
			sourceTree = "<group>";
			versionGroupType = wrapper.xcdatamodel;
		};
/* End XCVersionGroup section */
	};
	rootObject = CFA2FB07148D0CA6000540DB /* Project object */;
}
