// !$*UTF8*$!
{
	archiveVersion = 1;
	classes = {
	};
	objectVersion = 46;
	objects = {

/* Begin PBXBuildFile section */
		CFA2FB15148D0CA7000540DB /* Cocoa.framework in Frameworks */ = {isa = PBXBuildFile; fileRef = CFA2FB14148D0CA7000540DB /* Cocoa.framework */; };
		CFA2FB1F148D0CA7000540DB /* InfoPlist.strings in Resources */ = {isa = PBXBuildFile; fileRef = CFA2FB1D148D0CA7000540DB /* InfoPlist.strings */; };
		CFA2FB21148D0CA7000540DB /* main.m in Sources */ = {isa = PBXBuildFile; fileRef = CFA2FB20148D0CA7000540DB /* main.m */; };
		CFA2FB25148D0CA7000540DB /* Credits.rtf in Resources */ = {isa = PBXBuildFile; fileRef = CFA2FB23148D0CA7000540DB /* Credits.rtf */; };
		CFA2FB28148D0CA7000540DB /* MBSDocument.m in Sources */ = {isa = PBXBuildFile; fileRef = CFA2FB27148D0CA7000540DB /* MBSDocument.m */; };
		CFA2FB2B148D0CA7000540DB /* MBSDocument.xib in Resources */ = {isa = PBXBuildFile; fileRef = CFA2FB29148D0CA7000540DB /* MBSDocument.xib */; };
		CFA2FB2E148D0CA7000540DB /* MainMenu.xib in Resources */ = {isa = PBXBuildFile; fileRef = CFA2FB2C148D0CA7000540DB /* MainMenu.xib */; };
/* End PBXBuildFile section */

/* Begin PBXFileReference section */
		CFA2FB10148D0CA7000540DB /* eBookShelf.app */ = {isa = PBXFileReference; explicitFileType = wrapper.application; includeInIndex = 0; path = eBookShelf.app; sourceTree = BUILT_PRODUCTS_DIR; };
		CFA2FB14148D0CA7000540DB /* Cocoa.framework */ = {isa = PBXFileReference; lastKnownFileType = wrapper.framework; name = Cocoa.framework; path = System/Library/Frameworks/Cocoa.framework; sourceTree = SDKROOT; };
		CFA2FB17148D0CA7000540DB /* AppKit.framework */ = {isa = PBXFileReference; lastKnownFileType = wrapper.framework; name = AppKit.framework; path = System/Library/Frameworks/AppKit.framework; sourceTree = SDKROOT; };
		CFA2FB18148D0CA7000540DB /* CoreData.framework */ = {isa = PBXFileReference; lastKnownFileType = wrapper.framework; name = CoreData.framework; path = System/Library/Frameworks/CoreData.framework; sourceTree = SDKROOT; };
		CFA2FB19148D0CA7000540DB /* Foundation.framework */ = {isa = PBXFileReference; lastKnownFileType = wrapper.framework; name = Foundation.framework; path = System/Library/Frameworks/Foundation.framework; sourceTree = SDKROOT; };
		CFA2FB1C148D0CA7000540DB /* eBookShelf-Info.plist */ = {isa = PBXFileReference; lastKnownFileType = text.plist.xml; path = "eBookShelf-Info.plist"; sourceTree = "<group>"; };
		CFA2FB1E148D0CA7000540DB /* en */ = {isa = PBXFileReference; lastKnownFileType = text.plist.strings; name = en; path = en.lproj/InfoPlist.strings; sourceTree = "<group>"; };
		CFA2FB20148D0CA7000540DB /* main.m */ = {isa = PBXFileReference; lastKnownFileType = sourcecode.c.objc; path = main.m; sourceTree = "<group>"; };
		CFA2FB22148D0CA7000540DB /* eBookShelf-Prefix.pch */ = {isa = PBXFileReference; lastKnownFileType = sourcecode.c.h; path = "eBookShelf-Prefix.pch"; sourceTree = "<group>"; };
		CFA2FB24148D0CA7000540DB /* en */ = {isa = PBXFileReference; lastKnownFileType = text.rtf; name = en; path = en.lproj/Credits.rtf; sourceTree = "<group>"; };
		CFA2FB26148D0CA7000540DB /* MBSDocument.h */ = {isa = PBXFileReference; lastKnownFileType = sourcecode.c.h; path = MBSDocument.h; sourceTree = "<group>"; };
		CFA2FB27148D0CA7000540DB /* MBSDocument.m */ = {isa = PBXFileReference; lastKnownFileType = sourcecode.c.objc; path = MBSDocument.m; sourceTree = "<group>"; };
		CFA2FB2A148D0CA7000540DB /* en */ = {isa = PBXFileReference; lastKnownFileType = file.xib; name = en; path = en.lproj/MBSDocument.xib; sourceTree = "<group>"; };
		CFA2FB2D148D0CA7000540DB /* en */ = {isa = PBXFileReference; lastKnownFileType = file.xib; name = en; path = en.lproj/MainMenu.xib; sourceTree = "<group>"; };
		CFA2FB34148D0D8D000540DB /* eBookShelf.entitlements */ = {isa = PBXFileReference; lastKnownFileType = text.xml; path = eBookShelf.entitlements; sourceTree = "<group>"; };
/* End PBXFileReference section */

/* Begin PBXFrameworksBuildPhase section */
		CFA2FB0D148D0CA7000540DB /* Frameworks */ = {
			isa = PBXFrameworksBuildPhase;
			buildActionMask = 2147483647;
			files = (
				CFA2FB15148D0CA7000540DB /* Cocoa.framework in Frameworks */,
			);
			runOnlyForDeploymentPostprocessing = 0;
		};
/* End PBXFrameworksBuildPhase section */

/* Begin PBXGroup section */
		CFA2FB05148D0CA6000540DB = {
			isa = PBXGroup;
			children = (
				CFA2FB1A148D0CA7000540DB /* eBookShelf */,
				CFA2FB13148D0CA7000540DB /* Frameworks */,
				CFA2FB11148D0CA7000540DB /* Products */,
			);
			sourceTree = "<group>";
		};
		CFA2FB11148D0CA7000540DB /* Products */ = {
			isa = PBXGroup;
			children = (
				CFA2FB10148D0CA7000540DB /* eBookShelf.app */,
			);
			name = Products;
			sourceTree = "<group>";
		};
		CFA2FB13148D0CA7000540DB /* Frameworks */ = {
			isa = PBXGroup;
			children = (
				CFA2FB14148D0CA7000540DB /* Cocoa.framework */,
				CFA2FB16148D0CA7000540DB /* Other Frameworks */,
			);
			name = Frameworks;
			sourceTree = "<group>";
		};
		CFA2FB16148D0CA7000540DB /* Other Frameworks */ = {
			isa = PBXGroup;
			children = (
				CFA2FB17148D0CA7000540DB /* AppKit.framework */,
				CFA2FB18148D0CA7000540DB /* CoreData.framework */,
				CFA2FB19148D0CA7000540DB /* Foundation.framework */,
			);
			name = "Other Frameworks";
			sourceTree = "<group>";
		};
		CFA2FB1A148D0CA7000540DB /* eBookShelf */ = {
			isa = PBXGroup;
			children = (
				CFA2FB34148D0D8D000540DB /* eBookShelf.entitlements */,
				CFA2FB26148D0CA7000540DB /* MBSDocument.h */,
				CFA2FB27148D0CA7000540DB /* MBSDocument.m */,
				CFA2FB29148D0CA7000540DB /* MBSDocument.xib */,
				CFA2FB2C148D0CA7000540DB /* MainMenu.xib */,
				CFA2FB1B148D0CA7000540DB /* Supporting Files */,
			);
			path = eBookShelf;
			sourceTree = "<group>";
		};
		CFA2FB1B148D0CA7000540DB /* Supporting Files */ = {
			isa = PBXGroup;
			children = (
				CFA2FB1C148D0CA7000540DB /* eBookShelf-Info.plist */,
				CFA2FB1D148D0CA7000540DB /* InfoPlist.strings */,
				CFA2FB20148D0CA7000540DB /* main.m */,
				CFA2FB22148D0CA7000540DB /* eBookShelf-Prefix.pch */,
				CFA2FB23148D0CA7000540DB /* Credits.rtf */,
			);
			name = "Supporting Files";
			sourceTree = "<group>";
		};
/* End PBXGroup section */

/* Begin PBXNativeTarget section */
		CFA2FB0F148D0CA7000540DB /* eBookShelf */ = {
			isa = PBXNativeTarget;
			buildConfigurationList = CFA2FB31148D0CA7000540DB /* Build configuration list for PBXNativeTarget "eBookShelf" */;
			buildPhases = (
				CFA2FB0C148D0CA7000540DB /* Sources */,
				CFA2FB0D148D0CA7000540DB /* Frameworks */,
				CFA2FB0E148D0CA7000540DB /* Resources */,
			);
			buildRules = (
			);
			dependencies = (
			);
			name = eBookShelf;
			productName = eBookShelf;
			productReference = CFA2FB10148D0CA7000540DB /* eBookShelf.app */;
			productType = "com.apple.product-type.application";
		};
/* End PBXNativeTarget section */

/* Begin PBXProject section */
		CFA2FB07148D0CA6000540DB /* Project object */ = {
			isa = PBXProject;
			attributes = {
				LastUpgradeCheck = 0420;
				ORGANIZATIONNAME = "Software Architect";
			};
			buildConfigurationList = CFA2FB0A148D0CA6000540DB /* Build configuration list for PBXProject "eBookShelf" */;
			compatibilityVersion = "Xcode 3.2";
			developmentRegion = English;
			hasScannedForEncodings = 0;
			knownRegions = (
				en,
			);
			mainGroup = CFA2FB05148D0CA6000540DB;
			productRefGroup = CFA2FB11148D0CA7000540DB /* Products */;
			projectDirPath = "";
			projectRoot = "";
			targets = (
				CFA2FB0F148D0CA7000540DB /* eBookShelf */,
			);
		};
/* End PBXProject section */

/* Begin PBXResourcesBuildPhase section */
		CFA2FB0E148D0CA7000540DB /* Resources */ = {
			isa = PBXResourcesBuildPhase;
			buildActionMask = 2147483647;
			files = (
				CFA2FB1F148D0CA7000540DB /* InfoPlist.strings in Resources */,
				CFA2FB25148D0CA7000540DB /* Credits.rtf in Resources */,
				CFA2FB2B148D0CA7000540DB /* MBSDocument.xib in Resources */,
				CFA2FB2E148D0CA7000540DB /* MainMenu.xib in Resources */,
			);
			runOnlyForDeploymentPostprocessing = 0;
		};
/* End PBXResourcesBuildPhase section */

/* Begin PBXSourcesBuildPhase section */
		CFA2FB0C148D0CA7000540DB /* Sources */ = {
			isa = PBXSourcesBuildPhase;
			buildActionMask = 2147483647;
			files = (
				CFA2FB21148D0CA7000540DB /* main.m in Sources */,
				CFA2FB28148D0CA7000540DB /* MBSDocument.m in Sources */,
			);
			runOnlyForDeploymentPostprocessing = 0;
		};
/* End PBXSourcesBuildPhase section */

/* Begin PBXVariantGroup section */
		CFA2FB1D148D0CA7000540DB /* InfoPlist.strings */ = {
			isa = PBXVariantGroup;
			children = (
				CFA2FB1E148D0CA7000540DB /* en */,
			);
			name = InfoPlist.strings;
			sourceTree = "<group>";
		};
		CFA2FB23148D0CA7000540DB /* Credits.rtf */ = {
			isa = PBXVariantGroup;
			children = (
				CFA2FB24148D0CA7000540DB /* en */,
			);
			name = Credits.rtf;
			sourceTree = "<group>";
		};
		CFA2FB29148D0CA7000540DB /* MBSDocument.xib */ = {
			isa = PBXVariantGroup;
			children = (
				CFA2FB2A148D0CA7000540DB /* en */,
			);
			name = MBSDocument.xib;
			sourceTree = "<group>";
		};
		CFA2FB2C148D0CA7000540DB /* MainMenu.xib */ = {
			isa = PBXVariantGroup;
			children = (
				CFA2FB2D148D0CA7000540DB /* en */,
			);
			name = MainMenu.xib;
			sourceTree = "<group>";
		};
/* End PBXVariantGroup section */

/* Begin XCBuildConfiguration section */
		CFA2FB2F148D0CA7000540DB /* Debug */ = {
			isa = XCBuildConfiguration;
			buildSettings = {
				ALWAYS_SEARCH_USER_PATHS = NO;
				ARCHS = "$(ARCHS_STANDARD_64_BIT)";
				CLANG_ENABLE_OBJC_ARC = YES;
				COPY_PHASE_STRIP = NO;
				GCC_C_LANGUAGE_STANDARD = gnu99;
				GCC_DYNAMIC_NO_PIC = NO;
				GCC_ENABLE_OBJC_EXCEPTIONS = YES;
				GCC_OPTIMIZATION_LEVEL = 0;
				GCC_PREPROCESSOR_DEFINITIONS = (
					"DEBUG=1",
					"$(inherited)",
				);
				GCC_SYMBOLS_PRIVATE_EXTERN = NO;
				GCC_VERSION = com.apple.compilers.llvm.clang.1_0;
				GCC_WARN_64_TO_32_BIT_CONVERSION = YES;
				GCC_WARN_ABOUT_MISSING_PROTOTYPES = YES;
				GCC_WARN_ABOUT_RETURN_TYPE = YES;
				GCC_WARN_UNUSED_VARIABLE = YES;
				MACOSX_DEPLOYMENT_TARGET = 10.7;
				ONLY_ACTIVE_ARCH = YES;
				SDKROOT = macosx;
			};
			name = Debug;
		};
		CFA2FB30148D0CA7000540DB /* Release */ = {
			isa = XCBuildConfiguration;
			buildSettings = {
				ALWAYS_SEARCH_USER_PATHS = NO;
				ARCHS = "$(ARCHS_STANDARD_64_BIT)";
				CLANG_ENABLE_OBJC_ARC = YES;
				COPY_PHASE_STRIP = YES;
				DEBUG_INFORMATION_FORMAT = "dwarf-with-dsym";
				GCC_C_LANGUAGE_STANDARD = gnu99;
				GCC_ENABLE_OBJC_EXCEPTIONS = YES;
				GCC_VERSION = com.apple.compilers.llvm.clang.1_0;
				GCC_WARN_64_TO_32_BIT_CONVERSION = YES;
				GCC_WARN_ABOUT_MISSING_PROTOTYPES = YES;
				GCC_WARN_ABOUT_RETURN_TYPE = YES;
				GCC_WARN_UNUSED_VARIABLE = YES;
				MACOSX_DEPLOYMENT_TARGET = 10.7;
				SDKROOT = macosx;
			};
			name = Release;
		};
		CFA2FB32148D0CA7000540DB /* Debug */ = {
			isa = XCBuildConfiguration;
			buildSettings = {
				CODE_SIGN_ENTITLEMENTS = eBookShelf/eBookShelf.entitlements;
				CODE_SIGN_IDENTITY = "";
				GCC_PRECOMPILE_PREFIX_HEADER = YES;
				GCC_PREFIX_HEADER = "eBookShelf/eBookShelf-Prefix.pch";
				INFOPLIST_FILE = "eBookShelf/eBookShelf-Info.plist";
				PRODUCT_NAME = "$(TARGET_NAME)";
				WRAPPER_EXTENSION = app;
			};
			name = Debug;
		};
		CFA2FB33148D0CA7000540DB /* Release */ = {
			isa = XCBuildConfiguration;
			buildSettings = {
				CODE_SIGN_ENTITLEMENTS = eBookShelf/eBookShelf.entitlements;
				CODE_SIGN_IDENTITY = "";
				GCC_PRECOMPILE_PREFIX_HEADER = YES;
				GCC_PREFIX_HEADER = "eBookShelf/eBookShelf-Prefix.pch";
				INFOPLIST_FILE = "eBookShelf/eBookShelf-Info.plist";
				PRODUCT_NAME = "$(TARGET_NAME)";
				WRAPPER_EXTENSION = app;
			};
			name = Release;
		};
/* End XCBuildConfiguration section */

/* Begin XCConfigurationList section */
		CFA2FB0A148D0CA6000540DB /* Build configuration list for PBXProject "eBookShelf" */ = {
			isa = XCConfigurationList;
			buildConfigurations = (
				CFA2FB2F148D0CA7000540DB /* Debug */,
				CFA2FB30148D0CA7000540DB /* Release */,
			);
			defaultConfigurationIsVisible = 0;
			defaultConfigurationName = Release;
		};
		CFA2FB31148D0CA7000540DB /* Build configuration list for PBXNativeTarget "eBookShelf" */ = {
			isa = XCConfigurationList;
			buildConfigurations = (
				CFA2FB32148D0CA7000540DB /* Debug */,
				CFA2FB33148D0CA7000540DB /* Release */,
			);
			defaultConfigurationIsVisible = 0;
		};
/* End XCConfigurationList section */
	};
	rootObject = CFA2FB07148D0CA6000540DB /* Project object */;
}
